<?xml version="1.0" encoding="utf-8"?>
<Project ToolsVersion="17.0" xmlns="http://schemas.microsoft.com/developer/msbuild/2003">
  <ItemGroup>
    <ClCompile Include="C:\Users\young\【WOW】CODES\tinyQLib\math\sayHi.cc">
      <Filter>Source Files</Filter>
    </ClCompile>
  </ItemGroup>
  <ItemGroup>
    <CustomBuild Include="C:\Users\young\【WOW】CODES\tinyQLib\math\CMakeLists.txt" />
  </ItemGroup>
  <ItemGroup>
    <Filter Include="Source Files">
      <UniqueIdentifier>{CFDA708F-C892-3A6C-B2B9-2219B1842ECD}</UniqueIdentifier>
    </Filter>
  </ItemGroup>
</Project>
