<?xml version="1.0" encoding="utf-8"?>
<Project ToolsVersion="4.0" xmlns="http://schemas.microsoft.com/developer/msbuild/2003">
  <ItemGroup>
    <Filter Include="源文件">
      <UniqueIdentifier>{4FC737F1-C7A5-4376-A066-2A32D752A2FF}</UniqueIdentifier>
      <Extensions>cpp;c;cc;cxx;c++;cppm;ixx;def;odl;idl;hpj;bat;asm;asmx</Extensions>
    </Filter>
    <Filter Include="头文件">
      <UniqueIdentifier>{93995380-89BD-4b04-88EB-625FBE52EBFB}</UniqueIdentifier>
      <Extensions>h;hh;hpp;hxx;h++;hm;inl;inc;ipp;xsd</Extensions>
    </Filter>
    <Filter Include="资源文件">
      <UniqueIdentifier>{67DA6AB6-F800-4c08-8B7A-83BB121AAD01}</UniqueIdentifier>
      <Extensions>rc;ico;cur;bmp;dlg;rc2;rct;bin;rgs;gif;jpg;jpeg;jpe;resx;tiff;tif;png;wav;mfcribbon-ms</Extensions>
    </Filter>
    <Filter Include="qlib">
      <UniqueIdentifier>{9289ec22-6817-4cfc-95cc-1dd7a0e43df0}</UniqueIdentifier>
    </Filter>
    <Filter Include="qlib\math">
      <UniqueIdentifier>{9f59fdbc-f51d-43af-b7c7-1e9b1e3b263e}</UniqueIdentifier>
    </Filter>
    <Filter Include="qlib\math\random_numbers">
      <UniqueIdentifier>{563c37c1-e45f-437a-a5c6-bc31b83b48ec}</UniqueIdentifier>
    </Filter>
  </ItemGroup>
  <ItemGroup>
    <ClCompile Include="BoxMuller_generator.cpp">
      <Filter>qlib\math\random_numbers</Filter>
    </ClCompile>
  </ItemGroup>
  <ItemGroup>
    <ClInclude Include="BoxMuller_generator.h">
      <Filter>qlib\math\random_numbers</Filter>
    </ClInclude>
  </ItemGroup>
</Project>